<?xml version="1.0" encoding="utf-8"?>
<Project ToolsVersion="4.0" xmlns="http://schemas.microsoft.com/developer/msbuild/2003">
  <ItemGroup>
    <ClCompile Include="src\main.cpp">
      <Filter>src</Filter>
    </ClCompile>
    <ClCompile Include="src\DianShou.cpp">
      <Filter>src</Filter>
    </ClCompile>
    <ClCompile Include="src\LeapListener.cpp">
      <Filter>src</Filter>
    </ClCompile>
    <ClCompile Include="..\..\..\addons\ofxFTGLFont\ofxFTGLFont.cpp">
      <Filter>src\addons\ofxFTGLFont</Filter>
    </ClCompile>
    <ClCompile Include="..\..\..\addons\ofxSQLite\ofxSQLite.cpp">
      <Filter>src\addons\ofxSQLite</Filter>
    </ClCompile>
    <ClCompile Include="..\..\..\addons\ofxSQLite\ofxSQLiteAbstract.cpp">
      <Filter>src\addons\ofxSQLite</Filter>
    </ClCompile>
    <ClCompile Include="..\..\..\addons\ofxSQLite\ofxSQLiteDelete.cpp">
      <Filter>src\addons\ofxSQLite</Filter>
    </ClCompile>
    <ClCompile Include="..\..\..\addons\ofxSQLite\ofxSQLiteFieldValues.cpp">
      <Filter>src\addons\ofxSQLite</Filter>
    </ClCompile>
    <ClCompile Include="..\..\..\addons\ofxSQLite\ofxSQLiteInsert.cpp">
      <Filter>src\addons\ofxSQLite</Filter>
    </ClCompile>
    <ClCompile Include="..\..\..\addons\ofxSQLite\ofxSQLiteSelect.cpp">
      <Filter>src\addons\ofxSQLite</Filter>
    </ClCompile>
    <ClCompile Include="..\..\..\addons\ofxSQLite\ofxSQLiteSimpler.cpp">
      <Filter>src\addons\ofxSQLite</Filter>
    </ClCompile>
    <ClCompile Include="..\..\..\addons\ofxSQLite\ofxSQLiteUpdate.cpp">
      <Filter>src\addons\ofxSQLite</Filter>
    </ClCompile>
    <ClCompile Include="..\..\..\addons\ofxSQLite\lib\sqlite\sqlite3.c">
      <Filter>src\addons\ofxSQLite\lib\sqlite</Filter>
    </ClCompile>
    <ClCompile Include="src\StrokeRecognizer.cpp">
      <Filter>src</Filter>
    </ClCompile>
    <ClCompile Include="src\$1\lib\GeometricRecognizer.cpp">
      <Filter>src\%241\lib</Filter>
    </ClCompile>
    <ClCompile Include="src\TextInput\textInput.cpp">
      <Filter>src\TextInput</Filter>
    </ClCompile>
  </ItemGroup>
  <ItemGroup>
    <Filter Include="src">
      <UniqueIdentifier>{d8376475-7454-4a24-b08a-aac121d3ad6f}</UniqueIdentifier>
    </Filter>
    <Filter Include="src\addons">
      <UniqueIdentifier>{86e8e88c-1900-424e-a64e-867b81dd66d0}</UniqueIdentifier>
    </Filter>
    <Filter Include="src\addons\ofxFTGLFont">
      <UniqueIdentifier>{27a180b0-8d78-4528-9c7f-50e541efd902}</UniqueIdentifier>
    </Filter>
    <Filter Include="src\addons\ofxSQLite">
      <UniqueIdentifier>{8baca26e-b352-4390-8a99-21d88550a684}</UniqueIdentifier>
    </Filter>
    <Filter Include="src\addons\ofxSQLite\lib">
      <UniqueIdentifier>{4fe91b67-c4f4-4c68-b0e1-9e72456d2166}</UniqueIdentifier>
    </Filter>
    <Filter Include="src\addons\ofxSQLite\lib\sqlite">
      <UniqueIdentifier>{22569e3e-1c43-41d5-b1d2-c061b22c13b9}</UniqueIdentifier>
    </Filter>
    <Filter Include="src\%241">
      <UniqueIdentifier>{4175950c-efad-48df-9a9a-6e517a44a06e}</UniqueIdentifier>
    </Filter>
    <Filter Include="src\%241\lib">
      <UniqueIdentifier>{172531ea-fb53-489c-be7f-f0c708ad6880}</UniqueIdentifier>
    </Filter>
    <Filter Include="src\TextInput">
      <UniqueIdentifier>{40f3b6e1-3e01-41a3-9f87-befcd39e87ae}</UniqueIdentifier>
    </Filter>
  </ItemGroup>
  <ItemGroup>
    <ClInclude Include="src\DianShou.h">
      <Filter>src</Filter>
    </ClInclude>
    <ClInclude Include="src\LeapListener.h">
      <Filter>src</Filter>
    </ClInclude>
    <ClInclude Include="..\..\..\addons\ofxFTGLFont\ofxFTGLFont.h">
      <Filter>src\addons\ofxFTGLFont</Filter>
    </ClInclude>
    <ClInclude Include="..\..\..\addons\ofxSQLite\ofxSQLite.h">
      <Filter>src\addons\ofxSQLite</Filter>
    </ClInclude>
    <ClInclude Include="..\..\..\addons\ofxSQLite\ofxSQLiteAbstract.h">
      <Filter>src\addons\ofxSQLite</Filter>
    </ClInclude>
    <ClInclude Include="..\..\..\addons\ofxSQLite\ofxSQLiteDelete.h">
      <Filter>src\addons\ofxSQLite</Filter>
    </ClInclude>
    <ClInclude Include="..\..\..\addons\ofxSQLite\ofxSQLiteFieldValues.h">
      <Filter>src\addons\ofxSQLite</Filter>
    </ClInclude>
    <ClInclude Include="..\..\..\addons\ofxSQLite\ofxSQLiteHeaders.h">
      <Filter>src\addons\ofxSQLite</Filter>
    </ClInclude>
    <ClInclude Include="..\..\..\addons\ofxSQLite\ofxSQLiteInsert.h">
      <Filter>src\addons\ofxSQLite</Filter>
    </ClInclude>
    <ClInclude Include="..\..\..\addons\ofxSQLite\ofxSQLiteSelect.h">
      <Filter>src\addons\ofxSQLite</Filter>
    </ClInclude>
    <ClInclude Include="..\..\..\addons\ofxSQLite\ofxSQLiteSimpler.h">
      <Filter>src\addons\ofxSQLite</Filter>
    </ClInclude>
    <ClInclude Include="..\..\..\addons\ofxSQLite\ofxSQLiteType.h">
      <Filter>src\addons\ofxSQLite</Filter>
    </ClInclude>
    <ClInclude Include="..\..\..\addons\ofxSQLite\ofxSQLiteTypeNow.h">
      <Filter>src\addons\ofxSQLite</Filter>
    </ClInclude>
    <ClInclude Include="..\..\..\addons\ofxSQLite\ofxSQLiteUpdate.h">
      <Filter>src\addons\ofxSQLite</Filter>
    </ClInclude>
    <ClInclude Include="..\..\..\addons\ofxSQLite\ofxSQLiteWhere.h">
      <Filter>src\addons\ofxSQLite</Filter>
    </ClInclude>
    <ClInclude Include="..\..\..\addons\ofxSQLite\lib\sqlite\sqlite3.h">
      <Filter>src\addons\ofxSQLite\lib\sqlite</Filter>
    </ClInclude>
    <ClInclude Include="..\..\..\addons\ofxSQLite\lib\sqlite\sqlite3ext.h">
      <Filter>src\addons\ofxSQLite\lib\sqlite</Filter>
    </ClInclude>
    <ClInclude Include="src\StrokeRecognizer.h">
      <Filter>src</Filter>
    </ClInclude>
    <ClInclude Include="src\$1\lib\GeometricRecognizerTypes.h">
      <Filter>src\%241\lib</Filter>
    </ClInclude>
    <ClInclude Include="src\$1\lib\GestureTemplate.h">
      <Filter>src\%241\lib</Filter>
    </ClInclude>
    <ClInclude Include="src\$1\lib\MultipleStrokeGestureTemplate.h">
      <Filter>src\%241\lib</Filter>
    </ClInclude>
    <ClInclude Include="src\$1\lib\PathWriter.h">
      <Filter>src\%241\lib</Filter>
    </ClInclude>
    <ClInclude Include="src\$1\lib\SampleGestures.h">
      <Filter>src\%241\lib</Filter>
    </ClInclude>
    <ClInclude Include="src\$1\lib\SampleMultiStrokeGestures.h">
      <Filter>src\%241\lib</Filter>
    </ClInclude>
    <ClInclude Include="src\$1\lib\utils.h">
      <Filter>src\%241\lib</Filter>
    </ClInclude>
    <ClInclude Include="src\$1\lib\GeometricRecognizer.h">
      <Filter>src\%241\lib</Filter>
    </ClInclude>
    <ClInclude Include="src\TextInput\textInput.h">
      <Filter>src\TextInput</Filter>
    </ClInclude>
  </ItemGroup>
</Project>